{
    "_readme": [
        "This file locks the dependencies of your project to a known state",
        "Read more about it at https://getcomposer.org/doc/01-basic-usage.md#installing-dependencies",
        "This file is @generated automatically"
    ],
    "content-hash": "9fe2e03f054b10e14f4f493e29e68e35",
    "packages": [
        {
            "name": "google/protobuf",
            "version": "v3.25.0",
            "source": {
                "type": "git",
                "url": "https://github.com/protocolbuffers/protobuf-php.git",
                "reference": "e5a021e653ee3a7a78760caefa605b4ec31bba80"
            },
            "dist": {
                "type": "zip",
                "url": "https://api.github.com/repos/protocolbuffers/protobuf-php/zipball/e5a021e653ee3a7a78760caefa605b4ec31bba80",
                "reference": "e5a021e653ee3a7a78760caefa605b4ec31bba80",
                "shasum": ""
            },
            "require": {
                "php": ">=7.0.0"
            },
            "require-dev": {
                "phpunit/phpunit": ">=5.0.0"
            },
            "suggest": {
                "ext-bcmath": "Need to support JSON deserialization"
            },
            "type": "library",
            "autoload": {
                "psr-4": {
                    "Google\\Protobuf\\": "src/Google/Protobuf",
                    "GPBMetadata\\Google\\Protobuf\\": "src/GPBMetadata/Google/Protobuf"
                }
            },
            "notification-url": "https://packagist.org/downloads/",
            "license": [
                "BSD-3-Clause"
            ],
            "description": "proto library for PHP",
            "homepage": "https://developers.google.com/protocol-buffers/",
            "keywords": [
                "proto"
            ],
            "support": {
                "source": "https://github.com/protocolbuffers/protobuf-php/tree/v3.25.0"
            },
            "time": "2023-11-01T22:12:38+00:00"
        },
        {
            "name": "grpc/grpc",
            "version": "1.57.0",
            "source": {
                "type": "git",
                "url": "https://github.com/grpc/grpc-php.git",
                "reference": "b610c42022ed3a22f831439cb93802f2a4502fdf"
            },
            "dist": {
                "type": "zip",
                "url": "https://api.github.com/repos/grpc/grpc-php/zipball/b610c42022ed3a22f831439cb93802f2a4502fdf",
                "reference": "b610c42022ed3a22f831439cb93802f2a4502fdf",
                "shasum": ""
            },
            "require": {
                "php": ">=7.0.0"
            },
            "require-dev": {
                "google/auth": "^v1.3.0"
            },
            "suggest": {
                "ext-protobuf": "For better performance, install the protobuf C extension.",
                "google/protobuf": "To get started using grpc quickly, install the native protobuf library."
            },
            "type": "library",
            "autoload": {
                "psr-4": {
                    "Grpc\\": "src/lib/"
                }
            },
            "notification-url": "https://packagist.org/downloads/",
            "license": [
                "Apache-2.0"
            ],
            "description": "gRPC library for PHP",
            "homepage": "https://grpc.io",
            "keywords": [
                "rpc"
            ],
            "support": {
                "source": "https://github.com/grpc/grpc-php/tree/v1.57.0"
            },
            "time": "2023-08-14T23:57:54+00:00"
        },
        {
            "name": "wechaty/php-grpc",
            "version": "v0.16.2",
            "source": {
                "type": "git",
                "url": "https://github.com/wechaty/php-grpc.git",
                "reference": "4abe359854f36f09c1391a10c7e660a18ec054b5"
            },
            "dist": {
                "type": "zip",
                "url": "https://api.github.com/repos/wechaty/php-grpc/zipball/4abe359854f36f09c1391a10c7e660a18ec054b5",
                "reference": "4abe359854f36f09c1391a10c7e660a18ec054b5",
                "shasum": ""
            },
            "require": {
                "google/protobuf": "^v3.3.0",
                "grpc/grpc": "^v1.3.0",
                "php": "^7.0 || ^8.0"
            },
            "type": "library",
            "autoload": {
                "psr-4": {
                    "Wechaty\\": "wechaty/Wechaty/",
                    "GPBMetadata\\": "wechaty/GPBMetadata/"
                }
            },
            "notification-url": "https://packagist.org/downloads/",
            "license": [
                "Apache-2.0"
            ],
            "authors": [
                {
                    "name": "Chunsheng Zhang",
                    "email": "zhangchunsheng423@gmail.com",
                    "homepage": "https://www.luomor.com/"
                }
            ],
            "description": "PHP Wechaty is a Conversational AI RPA SDK for Chatbot written in PHP.",
            "homepage": "https://github.com/wechaty/php-grpc",
            "keywords": [
                "autoload",
                "dependency",
                "package"
            ],
            "support": {
                "issues": "https://github.com/wechaty/php-grpc/issues",
                "source": "https://github.com/wechaty/php-grpc/tree/master"
            },
            "time": "2020-07-10T07:46:55+00:00"
        }
    ],
    "packages-dev": [],
    "aliases": [],
    "minimum-stability": "stable",
    "stability-flags": [],
    "prefer-stable": false,
    "prefer-lowest": false,
    "platform": {
        "php": "^8.2",
        "ext-grpc": "*",
        "ext-json": "*"
    },
    "platform-dev": [],
    "plugin-api-version": "2.6.0"
}
